
Microsoft Visual Studio Solution File, Format Version 12.00
# Visual Studio Version 16
VisualStudioVersion = 16.0.34601.136
MinimumVisualStudioVersion = 10.0.40219.1
Project("{FAE04EC0-301F-11D3-BF4B-00C04F79EFBC}") = "ProjectDb", "ProjectDb.csproj", "{2EB35CFA-3DA6-4471-8DC3-AF610F52BBC8}"
EndProject
Global
	GlobalSection(SolutionConfigurationPlatforms) = preSolution
		Debug|Any CPU = Debug|Any CPU
		Release|Any CPU = Release|Any CPU
	EndGlobalSection
	GlobalSection(ProjectConfigurationPlatforms) = postSolution
		{2EB35CFA-3DA6-4471-8DC3-AF610F52BBC8}.Debug|Any CPU.ActiveCfg = Debug|Any CPU
		{2EB35CFA-3DA6-4471-8DC3-AF610F52BBC8}.Debug|Any CPU.Build.0 = Debug|Any CPU
		{2EB35CFA-3DA6-4471-8DC3-AF610F52BBC8}.Release|Any CPU.ActiveCfg = Release|Any CPU
		{2EB35CFA-3DA6-4471-8DC3-AF610F52BBC8}.Release|Any CPU.Build.0 = Release|Any CPU
	EndGlobalSection
	GlobalSection(SolutionProperties) = preSolution
		HideSolutionNode = FALSE
	EndGlobalSection
	GlobalSection(ExtensibilityGlobals) = postSolution
		SolutionGuid = {B46CEC03-3581-425B-88E9-529105533AA1}
	EndGlobalSection
EndGlobal
